
Microsoft Visual Studio Solution File, Format Version 12.00
# Visual Studio Version 17
VisualStudioVersion = 17.8.34601.278
MinimumVisualStudioVersion = 10.0.40219.1
Project("{9A19103F-16F7-4668-BE54-9A1E7A4F7556}") = "CSE", "src\CSE\CSE.csproj", "{A3F73582-656B-4366-8362-1C8D65928E8D}"
EndProject
Project("{2150E333-8FDC-42A3-9474-1A3956D46DE8}") = "解决方案项", "解决方案项", "{34CC7DAC-2B1C-42BA-8EF3-2F05F184071A}"
	ProjectSection(SolutionItems) = preProject
		CSE语法树.pdf = CSE语法树.pdf
		CSE语法树.png = CSE语法树.png
		CSE语法树.xmind = CSE语法树.xmind
		Directory.Build.props = Directory.Build.props
		README.md = README.md
	EndProjectSection
EndProject
Project("{9A19103F-16F7-4668-BE54-9A1E7A4F7556}") = "CSEI", "src\CSEI\CSEI.csproj", "{59BC7E57-98CF-47F3-ABA9-1E1BECF0DADD}"
EndProject
Project("{9A19103F-16F7-4668-BE54-9A1E7A4F7556}") = "CustomScriptingEngine", "src\CustomScriptingEngine\CustomScriptingEngine.csproj", "{3394FB07-6786-4339-9512-6A46738AF619}"
EndProject
Global
	GlobalSection(SolutionConfigurationPlatforms) = preSolution
		Debug|Any CPU = Debug|Any CPU
		Release|Any CPU = Release|Any CPU
	EndGlobalSection
	GlobalSection(ProjectConfigurationPlatforms) = postSolution
		{3394FB07-6786-4339-9512-6A46738AF619}.Debug|Any CPU.ActiveCfg = Debug|Any CPU
		{3394FB07-6786-4339-9512-6A46738AF619}.Debug|Any CPU.Build.0 = Debug|Any CPU
		{3394FB07-6786-4339-9512-6A46738AF619}.Release|Any CPU.ActiveCfg = Release|Any CPU
		{3394FB07-6786-4339-9512-6A46738AF619}.Release|Any CPU.Build.0 = Release|Any CPU
		{A3F73582-656B-4366-8362-1C8D65928E8D}.Debug|Any CPU.ActiveCfg = Debug|Any CPU
		{A3F73582-656B-4366-8362-1C8D65928E8D}.Debug|Any CPU.Build.0 = Debug|Any CPU
		{A3F73582-656B-4366-8362-1C8D65928E8D}.Release|Any CPU.ActiveCfg = Release|Any CPU
		{A3F73582-656B-4366-8362-1C8D65928E8D}.Release|Any CPU.Build.0 = Release|Any CPU
		{59BC7E57-98CF-47F3-ABA9-1E1BECF0DADD}.Debug|Any CPU.ActiveCfg = Debug|Any CPU
		{59BC7E57-98CF-47F3-ABA9-1E1BECF0DADD}.Debug|Any CPU.Build.0 = Debug|Any CPU
		{59BC7E57-98CF-47F3-ABA9-1E1BECF0DADD}.Release|Any CPU.ActiveCfg = Release|Any CPU
		{59BC7E57-98CF-47F3-ABA9-1E1BECF0DADD}.Release|Any CPU.Build.0 = Release|Any CPU
	EndGlobalSection
	GlobalSection(SolutionProperties) = preSolution
		HideSolutionNode = FALSE
	EndGlobalSection
	GlobalSection(ExtensibilityGlobals) = postSolution
		SolutionGuid = {18C6AF64-97C2-475F-85E2-EDD6BBF4A8C1}
	EndGlobalSection
EndGlobal
